
Microsoft Visual Studio Solution File, Format Version 12.00
# Visual Studio Version 17
VisualStudioVersion = 17.0.32002.185
MinimumVisualStudioVersion = 10.0.40219.1
Project("{9A19103F-16F7-4668-BE54-9A1E7A4F7556}") = "Medicine Inventory using Core", "Medicine Inventory using Core.csproj", "{D65D02D1-8B90-4E01-A1D6-73336E95A2F3}"
EndProject
Global
	GlobalSection(SolutionConfigurationPlatforms) = preSolution
		Debug|Any CPU = Debug|Any CPU
		InDev|Any CPU = InDev|Any CPU
		Release|Any CPU = Release|Any CPU
	EndGlobalSection
	GlobalSection(ProjectConfigurationPlatforms) = postSolution
		{D65D02D1-8B90-4E01-A1D6-73336E95A2F3}.Debug|Any CPU.ActiveCfg = Debug|Any CPU
		{D65D02D1-8B90-4E01-A1D6-73336E95A2F3}.Debug|Any CPU.Build.0 = Debug|Any CPU
		{D65D02D1-8B90-4E01-A1D6-73336E95A2F3}.InDev|Any CPU.ActiveCfg = Release|Any CPU
		{D65D02D1-8B90-4E01-A1D6-73336E95A2F3}.InDev|Any CPU.Build.0 = Release|Any CPU
		{D65D02D1-8B90-4E01-A1D6-73336E95A2F3}.Release|Any CPU.ActiveCfg = Release|Any CPU
		{D65D02D1-8B90-4E01-A1D6-73336E95A2F3}.Release|Any CPU.Build.0 = Release|Any CPU
	EndGlobalSection
	GlobalSection(SolutionProperties) = preSolution
		HideSolutionNode = FALSE
	EndGlobalSection
	GlobalSection(ExtensibilityGlobals) = postSolution
		SolutionGuid = {6109E4D9-72AB-41F6-801E-73AD03909F04}
	EndGlobalSection
EndGlobal
